
Microsoft Visual Studio Solution File, Format Version 12.00
# Visual Studio Version 17
VisualStudioVersion = 17.5.33424.131
MinimumVisualStudioVersion = 10.0.40219.1
Project("{FAE04EC0-301F-11D3-BF4B-00C04F79EFBC}") = "Udemy.WebAPI", "Udemy.WebAPI\Udemy.WebAPI.csproj", "{9635DAE8-9701-4C55-BFD1-3A3851005A18}"
EndProject
Global
	GlobalSection(SolutionConfigurationPlatforms) = preSolution
		Debug|Any CPU = Debug|Any CPU
		Release|Any CPU = Release|Any CPU
	EndGlobalSection
	GlobalSection(ProjectConfigurationPlatforms) = postSolution
		{9635DAE8-9701-4C55-BFD1-3A3851005A18}.Debug|Any CPU.ActiveCfg = Debug|Any CPU
		{9635DAE8-9701-4C55-BFD1-3A3851005A18}.Debug|Any CPU.Build.0 = Debug|Any CPU
		{9635DAE8-9701-4C55-BFD1-3A3851005A18}.Release|Any CPU.ActiveCfg = Release|Any CPU
		{9635DAE8-9701-4C55-BFD1-3A3851005A18}.Release|Any CPU.Build.0 = Release|Any CPU
	EndGlobalSection
	GlobalSection(SolutionProperties) = preSolution
		HideSolutionNode = FALSE
	EndGlobalSection
	GlobalSection(ExtensibilityGlobals) = postSolution
		SolutionGuid = {C720E02A-0F5D-456A-B297-53DC9EBA1844}
	EndGlobalSection
EndGlobal
